// !$*UTF8*$!
{
	archiveVersion = 1;
	classes = {
	};
	objectVersion = 50;
	objects = {

/* Begin PBXBuildFile section */
		DC493F0D258EAD8D0079C1AA /* instagridApp.swift in Sources */ = {isa = PBXBuildFile; fileRef = DC493F0C258EAD8D0079C1AA /* instagridApp.swift */; };
		DC493F0F258EAD8D0079C1AA /* ContentView.swift in Sources */ = {isa = PBXBuildFile; fileRef = DC493F0E258EAD8D0079C1AA /* ContentView.swift */; };
		DC493F11258EAD8E0079C1AA /* Assets.xcassets in Resources */ = {isa = PBXBuildFile; fileRef = DC493F10258EAD8E0079C1AA /* Assets.xcassets */; };
		DC493F14258EAD8E0079C1AA /* Preview Assets.xcassets in Resources */ = {isa = PBXBuildFile; fileRef = DC493F13258EAD8E0079C1AA /* Preview Assets.xcassets */; };
		DC493F2C258F39B60079C1AA /* Author.swift in Sources */ = {isa = PBXBuildFile; fileRef = DC493F2A258F39B60079C1AA /* Author.swift */; };
		DC493F2D258F39B60079C1AA /* Post.swift in Sources */ = {isa = PBXBuildFile; fileRef = DC493F2B258F39B60079C1AA /* Post.swift */; };
/* End PBXBuildFile section */

/* Begin PBXFileReference section */
		DC493F09258EAD8D0079C1AA /* instagrid.app */ = {isa = PBXFileReference; explicitFileType = wrapper.application; includeInIndex = 0; path = instagrid.app; sourceTree = BUILT_PRODUCTS_DIR; };
		DC493F0C258EAD8D0079C1AA /* instagridApp.swift */ = {isa = PBXFileReference; lastKnownFileType = sourcecode.swift; path = instagridApp.swift; sourceTree = "<group>"; };
		DC493F0E258EAD8D0079C1AA /* ContentView.swift */ = {isa = PBXFileReference; lastKnownFileType = sourcecode.swift; path = ContentView.swift; sourceTree = "<group>"; };
		DC493F10258EAD8E0079C1AA /* Assets.xcassets */ = {isa = PBXFileReference; lastKnownFileType = folder.assetcatalog; path = Assets.xcassets; sourceTree = "<group>"; };
		DC493F13258EAD8E0079C1AA /* Preview Assets.xcassets */ = {isa = PBXFileReference; lastKnownFileType = folder.assetcatalog; path = "Preview Assets.xcassets"; sourceTree = "<group>"; };
		DC493F15258EAD8E0079C1AA /* Info.plist */ = {isa = PBXFileReference; lastKnownFileType = text.plist.xml; path = Info.plist; sourceTree = "<group>"; };
		DC493F2A258F39B60079C1AA /* Author.swift */ = {isa = PBXFileReference; fileEncoding = 4; lastKnownFileType = sourcecode.swift; path = Author.swift; sourceTree = "<group>"; };
		DC493F2B258F39B60079C1AA /* Post.swift */ = {isa = PBXFileReference; fileEncoding = 4; lastKnownFileType = sourcecode.swift; path = Post.swift; sourceTree = "<group>"; };
/* End PBXFileReference section */

/* Begin PBXFrameworksBuildPhase section */
		DC493F06258EAD8D0079C1AA /* Frameworks */ = {
			isa = PBXFrameworksBuildPhase;
			buildActionMask = 2147483647;
			files = (
			);
			runOnlyForDeploymentPostprocessing = 0;
		};
/* End PBXFrameworksBuildPhase section */

/* Begin PBXGroup section */
		DC493F00258EAD8D0079C1AA = {
			isa = PBXGroup;
			children = (
				DC493F0B258EAD8D0079C1AA /* instagrid */,
				DC493F0A258EAD8D0079C1AA /* Products */,
			);
			sourceTree = "<group>";
		};
		DC493F0A258EAD8D0079C1AA /* Products */ = {
			isa = PBXGroup;
			children = (
				DC493F09258EAD8D0079C1AA /* instagrid.app */,
			);
			name = Products;
			sourceTree = "<group>";
		};
		DC493F0B258EAD8D0079C1AA /* instagrid */ = {
			isa = PBXGroup;
			children = (
				DC493F0C258EAD8D0079C1AA /* instagridApp.swift */,
				DC493F2A258F39B60079C1AA /* Author.swift */,
				DC493F2B258F39B60079C1AA /* Post.swift */,
				DC493F0E258EAD8D0079C1AA /* ContentView.swift */,
				DC493F10258EAD8E0079C1AA /* Assets.xcassets */,
				DC493F15258EAD8E0079C1AA /* Info.plist */,
				DC493F12258EAD8E0079C1AA /* Preview Content */,
			);
			path = instagrid;
			sourceTree = "<group>";
		};
		DC493F12258EAD8E0079C1AA /* Preview Content */ = {
			isa = PBXGroup;
			children = (
				DC493F13258EAD8E0079C1AA /* Preview Assets.xcassets */,
			);
			path = "Preview Content";
			sourceTree = "<group>";
		};
/* End PBXGroup section */

/* Begin PBXNativeTarget section */
		DC493F08258EAD8D0079C1AA /* instagrid */ = {
			isa = PBXNativeTarget;
			buildConfigurationList = DC493F18258EAD8E0079C1AA /* Build configuration list for PBXNativeTarget "instagrid" */;
			buildPhases = (
				DC493F05258EAD8D0079C1AA /* Sources */,
				DC493F06258EAD8D0079C1AA /* Frameworks */,
				DC493F07258EAD8D0079C1AA /* Resources */,
			);
			buildRules = (
			);
			dependencies = (
			);
			name = instagrid;
			productName = instagrid;
			productReference = DC493F09258EAD8D0079C1AA /* instagrid.app */;
			productType = "com.apple.product-type.application";
		};
/* End PBXNativeTarget section */

/* Begin PBXProject section */
		DC493F01258EAD8D0079C1AA /* Project object */ = {
			isa = PBXProject;
			attributes = {
				LastSwiftUpdateCheck = 1230;
				LastUpgradeCheck = 1230;
				TargetAttributes = {
					DC493F08258EAD8D0079C1AA = {
						CreatedOnToolsVersion = 12.3;
					};
				};
			};
			buildConfigurationList = DC493F04258EAD8D0079C1AA /* Build configuration list for PBXProject "instagrid" */;
			compatibilityVersion = "Xcode 9.3";
			developmentRegion = en;
			hasScannedForEncodings = 0;
			knownRegions = (
				en,
				Base,
			);
			mainGroup = DC493F00258EAD8D0079C1AA;
			productRefGroup = DC493F0A258EAD8D0079C1AA /* Products */;
			projectDirPath = "";
			projectRoot = "";
			targets = (
				DC493F08258EAD8D0079C1AA /* instagrid */,
			);
		};
/* End PBXProject section */

/* Begin PBXResourcesBuildPhase section */
		DC493F07258EAD8D0079C1AA /* Resources */ = {
			isa = PBXResourcesBuildPhase;
			buildActionMask = 2147483647;
			files = (
				DC493F14258EAD8E0079C1AA /* Preview Assets.xcassets in Resources */,
				DC493F11258EAD8E0079C1AA /* Assets.xcassets in Resources */,
			);
			runOnlyForDeploymentPostprocessing = 0;
		};
/* End PBXResourcesBuildPhase section */

/* Begin PBXSourcesBuildPhase section */
		DC493F05258EAD8D0079C1AA /* Sources */ = {
			isa = PBXSourcesBuildPhase;
			buildActionMask = 2147483647;
			files = (
				DC493F2C258F39B60079C1AA /* Author.swift in Sources */,
				DC493F0F258EAD8D0079C1AA /* ContentView.swift in Sources */,
				DC493F0D258EAD8D0079C1AA /* instagridApp.swift in Sources */,
				DC493F2D258F39B60079C1AA /* Post.swift in Sources */,
			);
			runOnlyForDeploymentPostprocessing = 0;
		};
/* End PBXSourcesBuildPhase section */

/* Begin XCBuildConfiguration section */
		DC493F16258EAD8E0079C1AA /* Debug */ = {
			isa = XCBuildConfiguration;
			buildSettings = {
				ALWAYS_SEARCH_USER_PATHS = NO;
				CLANG_ANALYZER_NONNULL = YES;
				CLANG_ANALYZER_NUMBER_OBJECT_CONVERSION = YES_AGGRESSIVE;
				CLANG_CXX_LANGUAGE_STANDARD = "gnu++14";
				CLANG_CXX_LIBRARY = "libc++";
				CLANG_ENABLE_MODULES = YES;
				CLANG_ENABLE_OBJC_ARC = YES;
				CLANG_ENABLE_OBJC_WEAK = YES;
				CLANG_WARN_BLOCK_CAPTURE_AUTORELEASING = YES;
				CLANG_WARN_BOOL_CONVERSION = YES;
				CLANG_WARN_COMMA = YES;
				CLANG_WARN_CONSTANT_CONVERSION = YES;
				CLANG_WARN_DEPRECATED_OBJC_IMPLEMENTATIONS = YES;
				CLANG_WARN_DIRECT_OBJC_ISA_USAGE = YES_ERROR;
				CLANG_WARN_DOCUMENTATION_COMMENTS = YES;
				CLANG_WARN_EMPTY_BODY = YES;
				CLANG_WARN_ENUM_CONVERSION = YES;
				CLANG_WARN_INFINITE_RECURSION = YES;
				CLANG_WARN_INT_CONVERSION = YES;
				CLANG_WARN_NON_LITERAL_NULL_CONVERSION = YES;
				CLANG_WARN_OBJC_IMPLICIT_RETAIN_SELF = YES;
				CLANG_WARN_OBJC_LITERAL_CONVERSION = YES;
				CLANG_WARN_OBJC_ROOT_CLASS = YES_ERROR;
				CLANG_WARN_QUOTED_INCLUDE_IN_FRAMEWORK_HEADER = YES;
				CLANG_WARN_RANGE_LOOP_ANALYSIS = YES;
				CLANG_WARN_STRICT_PROTOTYPES = YES;
				CLANG_WARN_SUSPICIOUS_MOVE = YES;
				CLANG_WARN_UNGUARDED_AVAILABILITY = YES_AGGRESSIVE;
				CLANG_WARN_UNREACHABLE_CODE = YES;
				CLANG_WARN__DUPLICATE_METHOD_MATCH = YES;
				COPY_PHASE_STRIP = NO;
				DEBUG_INFORMATION_FORMAT = dwarf;
				ENABLE_STRICT_OBJC_MSGSEND = YES;
				ENABLE_TESTABILITY = YES;
				GCC_C_LANGUAGE_STANDARD = gnu11;
				GCC_DYNAMIC_NO_PIC = NO;
				GCC_NO_COMMON_BLOCKS = YES;
				GCC_OPTIMIZATION_LEVEL = 0;
				GCC_PREPROCESSOR_DEFINITIONS = (
					"DEBUG=1",
					"$(inherited)",
				);
				GCC_WARN_64_TO_32_BIT_CONVERSION = YES;
				GCC_WARN_ABOUT_RETURN_TYPE = YES_ERROR;
				GCC_WARN_UNDECLARED_SELECTOR = YES;
				GCC_WARN_UNINITIALIZED_AUTOS = YES_AGGRESSIVE;
				GCC_WARN_UNUSED_FUNCTION = YES;
				GCC_WARN_UNUSED_VARIABLE = YES;
				IPHONEOS_DEPLOYMENT_TARGET = 14.3;
				MTL_ENABLE_DEBUG_INFO = INCLUDE_SOURCE;
				MTL_FAST_MATH = YES;
				ONLY_ACTIVE_ARCH = YES;
				SDKROOT = iphoneos;
				SWIFT_ACTIVE_COMPILATION_CONDITIONS = DEBUG;
				SWIFT_OPTIMIZATION_LEVEL = "-Onone";
			};
			name = Debug;
		};
		DC493F17258EAD8E0079C1AA /* Release */ = {
			isa = XCBuildConfiguration;
			buildSettings = {
				ALWAYS_SEARCH_USER_PATHS = NO;
				CLANG_ANALYZER_NONNULL = YES;
				CLANG_ANALYZER_NUMBER_OBJECT_CONVERSION = YES_AGGRESSIVE;
				CLANG_CXX_LANGUAGE_STANDARD = "gnu++14";
				CLANG_CXX_LIBRARY = "libc++";
				CLANG_ENABLE_MODULES = YES;
				CLANG_ENABLE_OBJC_ARC = YES;
				CLANG_ENABLE_OBJC_WEAK = YES;
				CLANG_WARN_BLOCK_CAPTURE_AUTORELEASING = YES;
				CLANG_WARN_BOOL_CONVERSION = YES;
				CLANG_WARN_COMMA = YES;
				CLANG_WARN_CONSTANT_CONVERSION = YES;
				CLANG_WARN_DEPRECATED_OBJC_IMPLEMENTATIONS = YES;
				CLANG_WARN_DIRECT_OBJC_ISA_USAGE = YES_ERROR;
				CLANG_WARN_DOCUMENTATION_COMMENTS = YES;
				CLANG_WARN_EMPTY_BODY = YES;
				CLANG_WARN_ENUM_CONVERSION = YES;
				CLANG_WARN_INFINITE_RECURSION = YES;
				CLANG_WARN_INT_CONVERSION = YES;
				CLANG_WARN_NON_LITERAL_NULL_CONVERSION = YES;
				CLANG_WARN_OBJC_IMPLICIT_RETAIN_SELF = YES;
				CLANG_WARN_OBJC_LITERAL_CONVERSION = YES;
				CLANG_WARN_OBJC_ROOT_CLASS = YES_ERROR;
				CLANG_WARN_QUOTED_INCLUDE_IN_FRAMEWORK_HEADER = YES;
				CLANG_WARN_RANGE_LOOP_ANALYSIS = YES;
				CLANG_WARN_STRICT_PROTOTYPES = YES;
				CLANG_WARN_SUSPICIOUS_MOVE = YES;
				CLANG_WARN_UNGUARDED_AVAILABILITY = YES_AGGRESSIVE;
				CLANG_WARN_UNREACHABLE_CODE = YES;
				CLANG_WARN__DUPLICATE_METHOD_MATCH = YES;
				COPY_PHASE_STRIP = NO;
				DEBUG_INFORMATION_FORMAT = "dwarf-with-dsym";
				ENABLE_NS_ASSERTIONS = NO;
				ENABLE_STRICT_OBJC_MSGSEND = YES;
				GCC_C_LANGUAGE_STANDARD = gnu11;
				GCC_NO_COMMON_BLOCKS = YES;
				GCC_WARN_64_TO_32_BIT_CONVERSION = YES;
				GCC_WARN_ABOUT_RETURN_TYPE = YES_ERROR;
				GCC_WARN_UNDECLARED_SELECTOR = YES;
				GCC_WARN_UNINITIALIZED_AUTOS = YES_AGGRESSIVE;
				GCC_WARN_UNUSED_FUNCTION = YES;
				GCC_WARN_UNUSED_VARIABLE = YES;
				IPHONEOS_DEPLOYMENT_TARGET = 14.3;
				MTL_ENABLE_DEBUG_INFO = NO;
				MTL_FAST_MATH = YES;
				SDKROOT = iphoneos;
				SWIFT_COMPILATION_MODE = wholemodule;
				SWIFT_OPTIMIZATION_LEVEL = "-O";
				VALIDATE_PRODUCT = YES;
			};
			name = Release;
		};
		DC493F19258EAD8E0079C1AA /* Debug */ = {
			isa = XCBuildConfiguration;
			buildSettings = {
				ASSETCATALOG_COMPILER_APPICON_NAME = AppIcon;
				ASSETCATALOG_COMPILER_GLOBAL_ACCENT_COLOR_NAME = AccentColor;
				CODE_SIGN_STYLE = Automatic;
				DEVELOPMENT_ASSET_PATHS = "\"instagrid/Preview Content\"";
				ENABLE_PREVIEWS = YES;
				INFOPLIST_FILE = instagrid/Info.plist;
				IPHONEOS_DEPLOYMENT_TARGET = 14.0;
				LD_RUNPATH_SEARCH_PATHS = (
					"$(inherited)",
					"@executable_path/Frameworks",
				);
				PRODUCT_BUNDLE_IDENTIFIER = noje.com.instagrid;
				PRODUCT_NAME = "$(TARGET_NAME)";
				SWIFT_VERSION = 5.0;
				TARGETED_DEVICE_FAMILY = "1,2";
			};
			name = Debug;
		};
		DC493F1A258EAD8E0079C1AA /* Release */ = {
			isa = XCBuildConfiguration;
			buildSettings = {
				ASSETCATALOG_COMPILER_APPICON_NAME = AppIcon;
				ASSETCATALOG_COMPILER_GLOBAL_ACCENT_COLOR_NAME = AccentColor;
				CODE_SIGN_STYLE = Automatic;
				DEVELOPMENT_ASSET_PATHS = "\"instagrid/Preview Content\"";
				ENABLE_PREVIEWS = YES;
				INFOPLIST_FILE = instagrid/Info.plist;
				IPHONEOS_DEPLOYMENT_TARGET = 14.0;
				LD_RUNPATH_SEARCH_PATHS = (
					"$(inherited)",
					"@executable_path/Frameworks",
				);
				PRODUCT_BUNDLE_IDENTIFIER = noje.com.instagrid;
				PRODUCT_NAME = "$(TARGET_NAME)";
				SWIFT_VERSION = 5.0;
				TARGETED_DEVICE_FAMILY = "1,2";
			};
			name = Release;
		};
/* End XCBuildConfiguration section */

/* Begin XCConfigurationList section */
		DC493F04258EAD8D0079C1AA /* Build configuration list for PBXProject "instagrid" */ = {
			isa = XCConfigurationList;
			buildConfigurations = (
				DC493F16258EAD8E0079C1AA /* Debug */,
				DC493F17258EAD8E0079C1AA /* Release */,
			);
			defaultConfigurationIsVisible = 0;
			defaultConfigurationName = Release;
		};
		DC493F18258EAD8E0079C1AA /* Build configuration list for PBXNativeTarget "instagrid" */ = {
			isa = XCConfigurationList;
			buildConfigurations = (
				DC493F19258EAD8E0079C1AA /* Debug */,
				DC493F1A258EAD8E0079C1AA /* Release */,
			);
			defaultConfigurationIsVisible = 0;
			defaultConfigurationName = Release;
		};
/* End XCConfigurationList section */
	};
	rootObject = DC493F01258EAD8D0079C1AA /* Project object */;
}
